
Microsoft Visual Studio Solution File, Format Version 12.00
# Visual Studio Version 16
VisualStudioVersion = 16.0.31321.278
MinimumVisualStudioVersion = 10.0.40219.1
Project("{FAE04EC0-301F-11D3-BF4B-00C04F79EFBC}") = "GoldBadgeConsoleApplication", "GoldBadgeConsoleApplication\GoldBadgeConsoleApplication.csproj", "{F7C05851-AC24-4341-86BE-09E9A4DB327B}"
EndProject
Global
	GlobalSection(SolutionConfigurationPlatforms) = preSolution
		Debug|Any CPU = Debug|Any CPU
		Release|Any CPU = Release|Any CPU
	EndGlobalSection
	GlobalSection(ProjectConfigurationPlatforms) = postSolution
		{F7C05851-AC24-4341-86BE-09E9A4DB327B}.Debug|Any CPU.ActiveCfg = Debug|Any CPU
		{F7C05851-AC24-4341-86BE-09E9A4DB327B}.Debug|Any CPU.Build.0 = Debug|Any CPU
		{F7C05851-AC24-4341-86BE-09E9A4DB327B}.Release|Any CPU.ActiveCfg = Release|Any CPU
		{F7C05851-AC24-4341-86BE-09E9A4DB327B}.Release|Any CPU.Build.0 = Release|Any CPU
	EndGlobalSection
	GlobalSection(SolutionProperties) = preSolution
		HideSolutionNode = FALSE
	EndGlobalSection
	GlobalSection(ExtensibilityGlobals) = postSolution
		SolutionGuid = {8634D05D-72B5-4693-B4C0-D68AB3B8FD32}
	EndGlobalSection
EndGlobal
