
Microsoft Visual Studio Solution File, Format Version 12.00
# Visual Studio Version 16
VisualStudioVersion = 16.0.31321.278
MinimumVisualStudioVersion = 10.0.40219.1
Project("{FAE04EC0-301F-11D3-BF4B-00C04F79EFBC}") = "ChallengeOne_ConsoleApp", "GoldBadgeConsoleApplication\ChallengeOne_ConsoleApp.csproj", "{F7C05851-AC24-4341-86BE-09E9A4DB327B}"
EndProject
Project("{FAE04EC0-301F-11D3-BF4B-00C04F79EFBC}") = "ChallengeOne_Repo", "ChallengeOne_Repo\ChallengeOne_Repo.csproj", "{1AEBB699-7D4B-4B7B-9DD2-0EBFC624E56E}"
EndProject
Project("{FAE04EC0-301F-11D3-BF4B-00C04F79EFBC}") = "ChallengeOne_RepoTest", "ChallengeOne_RepoTest\ChallengeOne_RepoTest.csproj", "{8F049907-866D-48D9-9359-C3924E44721C}"
EndProject
Project("{FAE04EC0-301F-11D3-BF4B-00C04F79EFBC}") = "ChallengeTwo_ConsoleApp", "ChallengeTwo_ConsoleApp\ChallengeTwo_ConsoleApp.csproj", "{979331B3-1F44-45DF-A08E-BB2069F86712}"
EndProject
Project("{FAE04EC0-301F-11D3-BF4B-00C04F79EFBC}") = "ChallengeTwo_Repo", "ChallengeTwo_Repo\ChallengeTwo_Repo.csproj", "{E7B182BF-1CBC-4958-B469-0B419413A5B5}"
EndProject
Project("{FAE04EC0-301F-11D3-BF4B-00C04F79EFBC}") = "ChallengeTwo_RepoTests", "ChallengeTwo_RepoTests\ChallengeTwo_RepoTests.csproj", "{ECF2529A-7DB2-49FC-9B3A-8143E837C90F}"
EndProject
Project("{FAE04EC0-301F-11D3-BF4B-00C04F79EFBC}") = "ChallengeThree_Rep", "ChallengeThree_Rep\ChallengeThree_Rep.csproj", "{79112003-4D6B-4792-A9D7-CE8E355B3DDA}"
EndProject
Project("{FAE04EC0-301F-11D3-BF4B-00C04F79EFBC}") = "ChallengeThree_Tests", "ChallengeTwo_Tests\ChallengeThree_Tests.csproj", "{CAE31960-D5C8-409D-A962-7D35358893B3}"
EndProject
Global
	GlobalSection(SolutionConfigurationPlatforms) = preSolution
		Debug|Any CPU = Debug|Any CPU
		Release|Any CPU = Release|Any CPU
	EndGlobalSection
	GlobalSection(ProjectConfigurationPlatforms) = postSolution
		{F7C05851-AC24-4341-86BE-09E9A4DB327B}.Debug|Any CPU.ActiveCfg = Debug|Any CPU
		{F7C05851-AC24-4341-86BE-09E9A4DB327B}.Debug|Any CPU.Build.0 = Debug|Any CPU
		{F7C05851-AC24-4341-86BE-09E9A4DB327B}.Release|Any CPU.ActiveCfg = Release|Any CPU
		{F7C05851-AC24-4341-86BE-09E9A4DB327B}.Release|Any CPU.Build.0 = Release|Any CPU
		{1AEBB699-7D4B-4B7B-9DD2-0EBFC624E56E}.Debug|Any CPU.ActiveCfg = Debug|Any CPU
		{1AEBB699-7D4B-4B7B-9DD2-0EBFC624E56E}.Debug|Any CPU.Build.0 = Debug|Any CPU
		{1AEBB699-7D4B-4B7B-9DD2-0EBFC624E56E}.Release|Any CPU.ActiveCfg = Release|Any CPU
		{1AEBB699-7D4B-4B7B-9DD2-0EBFC624E56E}.Release|Any CPU.Build.0 = Release|Any CPU
		{8F049907-866D-48D9-9359-C3924E44721C}.Debug|Any CPU.ActiveCfg = Debug|Any CPU
		{8F049907-866D-48D9-9359-C3924E44721C}.Debug|Any CPU.Build.0 = Debug|Any CPU
		{8F049907-866D-48D9-9359-C3924E44721C}.Release|Any CPU.ActiveCfg = Release|Any CPU
		{8F049907-866D-48D9-9359-C3924E44721C}.Release|Any CPU.Build.0 = Release|Any CPU
		{979331B3-1F44-45DF-A08E-BB2069F86712}.Debug|Any CPU.ActiveCfg = Debug|Any CPU
		{979331B3-1F44-45DF-A08E-BB2069F86712}.Debug|Any CPU.Build.0 = Debug|Any CPU
		{979331B3-1F44-45DF-A08E-BB2069F86712}.Release|Any CPU.ActiveCfg = Release|Any CPU
		{979331B3-1F44-45DF-A08E-BB2069F86712}.Release|Any CPU.Build.0 = Release|Any CPU
		{E7B182BF-1CBC-4958-B469-0B419413A5B5}.Debug|Any CPU.ActiveCfg = Debug|Any CPU
		{E7B182BF-1CBC-4958-B469-0B419413A5B5}.Debug|Any CPU.Build.0 = Debug|Any CPU
		{E7B182BF-1CBC-4958-B469-0B419413A5B5}.Release|Any CPU.ActiveCfg = Release|Any CPU
		{E7B182BF-1CBC-4958-B469-0B419413A5B5}.Release|Any CPU.Build.0 = Release|Any CPU
		{ECF2529A-7DB2-49FC-9B3A-8143E837C90F}.Debug|Any CPU.ActiveCfg = Debug|Any CPU
		{ECF2529A-7DB2-49FC-9B3A-8143E837C90F}.Debug|Any CPU.Build.0 = Debug|Any CPU
		{ECF2529A-7DB2-49FC-9B3A-8143E837C90F}.Release|Any CPU.ActiveCfg = Release|Any CPU
		{ECF2529A-7DB2-49FC-9B3A-8143E837C90F}.Release|Any CPU.Build.0 = Release|Any CPU
		{79112003-4D6B-4792-A9D7-CE8E355B3DDA}.Debug|Any CPU.ActiveCfg = Debug|Any CPU
		{79112003-4D6B-4792-A9D7-CE8E355B3DDA}.Debug|Any CPU.Build.0 = Debug|Any CPU
		{79112003-4D6B-4792-A9D7-CE8E355B3DDA}.Release|Any CPU.ActiveCfg = Release|Any CPU
		{79112003-4D6B-4792-A9D7-CE8E355B3DDA}.Release|Any CPU.Build.0 = Release|Any CPU
		{CAE31960-D5C8-409D-A962-7D35358893B3}.Debug|Any CPU.ActiveCfg = Debug|Any CPU
		{CAE31960-D5C8-409D-A962-7D35358893B3}.Debug|Any CPU.Build.0 = Debug|Any CPU
		{CAE31960-D5C8-409D-A962-7D35358893B3}.Release|Any CPU.ActiveCfg = Release|Any CPU
		{CAE31960-D5C8-409D-A962-7D35358893B3}.Release|Any CPU.Build.0 = Release|Any CPU
	EndGlobalSection
	GlobalSection(SolutionProperties) = preSolution
		HideSolutionNode = FALSE
	EndGlobalSection
	GlobalSection(ExtensibilityGlobals) = postSolution
		SolutionGuid = {8634D05D-72B5-4693-B4C0-D68AB3B8FD32}
	EndGlobalSection
EndGlobal
